speakeasyVersion: 1.645.1
sources:
    my-source:
        sourceNamespace: my-source
        sourceRevisionDigest: sha256:a085adb512e8c5dd76bdbfae3c23b8e1c034c2b9b9cc0beab8b0e59738d2f309
        sourceBlobDigest: sha256:99625aa56de1e76c4fd6be93843f665096c19d908a7bfd238f6c22982cb66472
        tags:
            - latest
            - speakeasy-sdk-regen-1761783256
            - 0.1.0-alpha
targets:
    conductorone-ts:
        source: my-source
        sourceNamespace: my-source
        sourceRevisionDigest: sha256:a085adb512e8c5dd76bdbfae3c23b8e1c034c2b9b9cc0beab8b0e59738d2f309
        sourceBlobDigest: sha256:99625aa56de1e76c4fd6be93843f665096c19d908a7bfd238f6c22982cb66472
        codeSamplesNamespace: my-source-typescript-code-samples
        codeSamplesRevisionDigest: sha256:dbcecd69e8c8fd0edf1b7bdc12e3242e31211519a033bb028f21fbf1b544d9c3
workflow:
    workflowVersion: 1.0.0
    speakeasyVersion: latest
    sources:
        my-source:
            inputs:
                - location: https://insulator.conductor.one/api/v1/openapi.yaml
            overlays:
                - location: overlay.yaml
            registry:
                location: registry.speakeasyapi.dev/conductor-one/conductorone/my-source
    targets:
        conductorone-ts:
            target: typescript
            source: my-source
            publish:
                npm:
                    token: $npm_token
            codeSamples:
                registry:
                    location: registry.speakeasyapi.dev/conductor-one/conductorone/my-source-typescript-code-samples
                labelOverride:
                    fixedValue: Typescript (SDK)
                blocking: false
