speakeasyVersion: 1.631.0
sources:
    my-source:
        sourceNamespace: my-source
        sourceRevisionDigest: sha256:61eefc67851044d1c58c64006492223defe0879b91eb94782c0304cfd3cde09e
        sourceBlobDigest: sha256:ed75245be37f45675068a46c3add9d2e731a5e8edcf233dca65210bc83c317e0
        tags:
            - latest
            - speakeasy-sdk-regen-1758758894
            - 0.1.0-alpha
targets:
    conductorone-ts:
        source: my-source
        sourceNamespace: my-source
        sourceRevisionDigest: sha256:61eefc67851044d1c58c64006492223defe0879b91eb94782c0304cfd3cde09e
        sourceBlobDigest: sha256:ed75245be37f45675068a46c3add9d2e731a5e8edcf233dca65210bc83c317e0
        codeSamplesNamespace: my-source-typescript-code-samples
        codeSamplesRevisionDigest: sha256:8216e7fe6d8a8014a7ef12488ed5b913e79b9f63d5fa07e9b17b49d084dd7207
workflow:
    workflowVersion: 1.0.0
    speakeasyVersion: latest
    sources:
        my-source:
            inputs:
                - location: https://insulator.conductor.one/api/v1/openapi.yaml
            overlays:
                - location: overlay.yaml
            registry:
                location: registry.speakeasyapi.dev/conductor-one/conductorone/my-source
    targets:
        conductorone-ts:
            target: typescript
            source: my-source
            codeSamples:
                registry:
                    location: registry.speakeasyapi.dev/conductor-one/conductorone/my-source-typescript-code-samples
                labelOverride:
                    fixedValue: Typescript (SDK)
                blocking: false
