speakeasyVersion: 1.657.0
sources:
    my-source:
        sourceNamespace: my-source
        sourceRevisionDigest: sha256:65c629c8faac847ba80cda599f3fefa058ee2ae272b60725e355fa58e33f40db
        sourceBlobDigest: sha256:bea1decf6eeaa7df858d51e59d1329f13d4349a2e0cce1e299e6c7788969f37b
        tags:
            - latest
            - speakeasy-sdk-regen-1761783256
            - 0.1.0-alpha
targets:
    conductorone-ts:
        source: my-source
        sourceNamespace: my-source
        sourceRevisionDigest: sha256:65c629c8faac847ba80cda599f3fefa058ee2ae272b60725e355fa58e33f40db
        sourceBlobDigest: sha256:bea1decf6eeaa7df858d51e59d1329f13d4349a2e0cce1e299e6c7788969f37b
        codeSamplesNamespace: my-source-typescript-code-samples
        codeSamplesRevisionDigest: sha256:5bda0323277a7bb5145f70f39a56f7c0f6330af9ae9637211fbbf9b4f52551d5
workflow:
    workflowVersion: 1.0.0
    speakeasyVersion: latest
    sources:
        my-source:
            inputs:
                - location: https://insulator.conductor.one/api/v1/openapi.yaml
            overlays:
                - location: overlay.yaml
            registry:
                location: registry.speakeasyapi.dev/conductor-one/conductorone/my-source
    targets:
        conductorone-ts:
            target: typescript
            source: my-source
            publish:
                npm:
                    token: $npm_token
            codeSamples:
                registry:
                    location: registry.speakeasyapi.dev/conductor-one/conductorone/my-source-typescript-code-samples
                labelOverride:
                    fixedValue: Typescript (SDK)
                blocking: false
